dependencies:
- name: kubedb-catalog
  repository: https://charts.appscode.com/stable/
  version: v2021.09.09
- name: kubedb-community
  repository: https://charts.appscode.com/stable/
  version: v0.21.0
- name: kubedb-enterprise
  repository: https://charts.appscode.com/stable/
  version: v0.8.0
- name: kubedb-autoscaler
  repository: https://charts.appscode.com/stable/
  version: v0.6.0
- name: stash-community
  repository: https://charts.appscode.com/stable/
  version: v0.14.1
- name: stash-catalog
  repository: https://charts.appscode.com/stable/
  version: v2021.06.23
digest: sha256:c11c70db17586773f05f3825600e50432d4263318123139e419bda949d8cf8ed
generated: "2021-09-13T15:00:04.381252786-07:00"
