dependencies:
- name: kubedb-catalog
  repository: https://charts.appscode.com/stable/
  version: v2021.06.23
- name: kubedb-community
  repository: https://charts.appscode.com/stable/
  version: v0.19.0
- name: kubedb-enterprise
  repository: https://charts.appscode.com/stable/
  version: v0.6.0
- name: kubedb-autoscaler
  repository: https://charts.appscode.com/stable/
  version: v0.4.0
- name: stash-community
  repository: https://charts.appscode.com/stable/
  version: v0.14.1
- name: stash-catalog
  repository: https://charts.appscode.com/stable/
  version: v2021.06.23
digest: sha256:2488a88e7e45fb6965dfe472156db3a15f007bfda2f66452d29be34f52ce6642
generated: "2021-07-01T21:14:28.239918603-07:00"
